# THIS IS AN AUTOGENERATED FILE. DO NOT EDIT THIS FILE DIRECTLY.
# yarn lockfile v1


animejs@^3.1.0:
  version "3.2.0"
  resolved "https://registry.yarnpkg.com/animejs/-/animejs-3.2.0.tgz#2daea7365983249022cc454fa726acdb4a84345d"
  integrity sha512-zhtGl5cS0G2f5DfciMO8uwWpnx06nfFnHlXYYXHBazHep1Lyd6kEtBQP+9hpYKE0dBZjIigHp9VpMO95ZfXQJQ==

lodash.isequal@^4.5.0:
  version "4.5.0"
  resolved "https://registry.yarnpkg.com/lodash.isequal/-/lodash.isequal-4.5.0.tgz#415c4478f2bcc30120c22ce10ed3226f7d3e18e0"
  integrity sha1-QVxEePK8wwEgwizhDtMib30+GOA=

react-anime@^3.0.3:
  version "3.0.3"
  resolved "https://registry.yarnpkg.com/react-anime/-/react-anime-3.0.3.tgz#7ebd88cf3c647cc3a76b8faec15152b98ca27a16"
  integrity sha512-VQjEAMvbkFMZoLSH96z8tzMg96EhFsBXyv83LIJC5lbetYbka/koTBCSvR5f1LPspqbJUbJtN9rEHA6DhCsESw==
  dependencies:
    animejs "^3.1.0"
    lodash.isequal "^4.5.0"
